// !$*UTF8*$!
{
	archiveVersion = 1;
	classes = {
	};
	objectVersion = 46;
	objects = {

/* Begin PBXBuildFile section */
		C74CCB717F92198C7FA3F7BD /* Pods_InstaFirebase.framework in Frameworks */ = {isa = PBXBuildFile; fileRef = 4D2045D77E4BAA7785182A30 /* Pods_InstaFirebase.framework */; };
		D219487F1F6418C700083E4E /* MainTabBarController.swift in Sources */ = {isa = PBXBuildFile; fileRef = D219487E1F6418C700083E4E /* MainTabBarController.swift */; };
		D21948811F641B3A00083E4E /* UserProfileController.swift in Sources */ = {isa = PBXBuildFile; fileRef = D21948801F641B3A00083E4E /* UserProfileController.swift */; };
		D28746BB1F62C33C002109F6 /* RoundButton.swift in Sources */ = {isa = PBXBuildFile; fileRef = D28746BA1F62C33C002109F6 /* RoundButton.swift */; };
		D28746BE1F62C390002109F6 /* Constants.swift in Sources */ = {isa = PBXBuildFile; fileRef = D28746BD1F62C390002109F6 /* Constants.swift */; };
		D28B28E01F62B5B500AC906B /* AppDelegate.swift in Sources */ = {isa = PBXBuildFile; fileRef = D28B28DF1F62B5B500AC906B /* AppDelegate.swift */; };
		D28B28E21F62B5B500AC906B /* SignUpController.swift in Sources */ = {isa = PBXBuildFile; fileRef = D28B28E11F62B5B500AC906B /* SignUpController.swift */; };
		D28B28E51F62B5B500AC906B /* Main.storyboard in Resources */ = {isa = PBXBuildFile; fileRef = D28B28E31F62B5B500AC906B /* Main.storyboard */; };
		D28B28E71F62B5B500AC906B /* Assets.xcassets in Resources */ = {isa = PBXBuildFile; fileRef = D28B28E61F62B5B500AC906B /* Assets.xcassets */; };
		D28B28EA1F62B5B500AC906B /* LaunchScreen.storyboard in Resources */ = {isa = PBXBuildFile; fileRef = D28B28E81F62B5B500AC906B /* LaunchScreen.storyboard */; };
		D28C3D561F6A8A2D00C07B3B /* Posts.swift in Sources */ = {isa = PBXBuildFile; fileRef = D28C3D551F6A8A2D00C07B3B /* Posts.swift */; };
		D28C3D581F6A8CC200C07B3B /* UserProfilePhotoCell.swift in Sources */ = {isa = PBXBuildFile; fileRef = D28C3D571F6A8CC200C07B3B /* UserProfilePhotoCell.swift */; };
		D2AFF1051F62B90300B0DCBA /* GoogleService-Info.plist in Resources */ = {isa = PBXBuildFile; fileRef = D2AFF1041F62B90300B0DCBA /* GoogleService-Info.plist */; };
		D2E0DD651F6556A800546F70 /* PhotoSelectorHeader.swift in Sources */ = {isa = PBXBuildFile; fileRef = D2E0DD641F6556A800546F70 /* PhotoSelectorHeader.swift */; };
		D2E0DD671F65575500546F70 /* CircleImage.swift in Sources */ = {isa = PBXBuildFile; fileRef = D2E0DD661F65575500546F70 /* CircleImage.swift */; };
		D2E0DD691F65591800546F70 /* UserProfileHeader.swift in Sources */ = {isa = PBXBuildFile; fileRef = D2E0DD681F65591800546F70 /* UserProfileHeader.swift */; };
		D2E0DD6B1F65887800546F70 /* BorderButton.swift in Sources */ = {isa = PBXBuildFile; fileRef = D2E0DD6A1F65887800546F70 /* BorderButton.swift */; };
		D2EB00121F692A19006F5513 /* SharePhotoController.swift in Sources */ = {isa = PBXBuildFile; fileRef = D2EB00111F692A19006F5513 /* SharePhotoController.swift */; };
		D2F033081F664D1A002D2CC8 /* LoginVC.swift in Sources */ = {isa = PBXBuildFile; fileRef = D2F033071F664D1A002D2CC8 /* LoginVC.swift */; };
		D2F0330A1F66DCEE002D2CC8 /* PhotoSelectorController.swift in Sources */ = {isa = PBXBuildFile; fileRef = D2F033091F66DCEE002D2CC8 /* PhotoSelectorController.swift */; };
		D2F0330C1F66F921002D2CC8 /* PhotoSelectorCell.swift in Sources */ = {isa = PBXBuildFile; fileRef = D2F0330B1F66F921002D2CC8 /* PhotoSelectorCell.swift */; };
/* End PBXBuildFile section */

/* Begin PBXFileReference section */
		4D2045D77E4BAA7785182A30 /* Pods_InstaFirebase.framework */ = {isa = PBXFileReference; explicitFileType = wrapper.framework; includeInIndex = 0; path = Pods_InstaFirebase.framework; sourceTree = BUILT_PRODUCTS_DIR; };
		D219487E1F6418C700083E4E /* MainTabBarController.swift */ = {isa = PBXFileReference; fileEncoding = 4; lastKnownFileType = sourcecode.swift; path = MainTabBarController.swift; sourceTree = "<group>"; };
		D21948801F641B3A00083E4E /* UserProfileController.swift */ = {isa = PBXFileReference; fileEncoding = 4; lastKnownFileType = sourcecode.swift; path = UserProfileController.swift; sourceTree = "<group>"; };
		D28746BA1F62C33C002109F6 /* RoundButton.swift */ = {isa = PBXFileReference; fileEncoding = 4; lastKnownFileType = sourcecode.swift; path = RoundButton.swift; sourceTree = "<group>"; };
		D28746BD1F62C390002109F6 /* Constants.swift */ = {isa = PBXFileReference; fileEncoding = 4; lastKnownFileType = sourcecode.swift; path = Constants.swift; sourceTree = "<group>"; };
		D28B28DC1F62B5B500AC906B /* InstaFirebase.app */ = {isa = PBXFileReference; explicitFileType = wrapper.application; includeInIndex = 0; path = InstaFirebase.app; sourceTree = BUILT_PRODUCTS_DIR; };
		D28B28DF1F62B5B500AC906B /* AppDelegate.swift */ = {isa = PBXFileReference; lastKnownFileType = sourcecode.swift; path = AppDelegate.swift; sourceTree = "<group>"; };
		D28B28E11F62B5B500AC906B /* SignUpController.swift */ = {isa = PBXFileReference; lastKnownFileType = sourcecode.swift; path = SignUpController.swift; sourceTree = "<group>"; };
		D28B28E41F62B5B500AC906B /* Base */ = {isa = PBXFileReference; lastKnownFileType = file.storyboard; name = Base; path = Base.lproj/Main.storyboard; sourceTree = "<group>"; };
		D28B28E61F62B5B500AC906B /* Assets.xcassets */ = {isa = PBXFileReference; lastKnownFileType = folder.assetcatalog; path = Assets.xcassets; sourceTree = "<group>"; };
		D28B28E91F62B5B500AC906B /* Base */ = {isa = PBXFileReference; lastKnownFileType = file.storyboard; name = Base; path = Base.lproj/LaunchScreen.storyboard; sourceTree = "<group>"; };
		D28B28EB1F62B5B500AC906B /* Info.plist */ = {isa = PBXFileReference; lastKnownFileType = text.plist.xml; path = Info.plist; sourceTree = "<group>"; };
		D28C3D551F6A8A2D00C07B3B /* Posts.swift */ = {isa = PBXFileReference; fileEncoding = 4; lastKnownFileType = sourcecode.swift; path = Posts.swift; sourceTree = "<group>"; };
		D28C3D571F6A8CC200C07B3B /* UserProfilePhotoCell.swift */ = {isa = PBXFileReference; fileEncoding = 4; lastKnownFileType = sourcecode.swift; path = UserProfilePhotoCell.swift; sourceTree = "<group>"; };
		D2AFF1041F62B90300B0DCBA /* GoogleService-Info.plist */ = {isa = PBXFileReference; fileEncoding = 4; lastKnownFileType = text.plist.xml; path = "GoogleService-Info.plist"; sourceTree = "<group>"; };
		D2E0DD641F6556A800546F70 /* PhotoSelectorHeader.swift */ = {isa = PBXFileReference; fileEncoding = 4; lastKnownFileType = sourcecode.swift; path = PhotoSelectorHeader.swift; sourceTree = "<group>"; };
		D2E0DD661F65575500546F70 /* CircleImage.swift */ = {isa = PBXFileReference; fileEncoding = 4; lastKnownFileType = sourcecode.swift; path = CircleImage.swift; sourceTree = "<group>"; };
		D2E0DD681F65591800546F70 /* UserProfileHeader.swift */ = {isa = PBXFileReference; fileEncoding = 4; lastKnownFileType = sourcecode.swift; path = UserProfileHeader.swift; sourceTree = "<group>"; };
		D2E0DD6A1F65887800546F70 /* BorderButton.swift */ = {isa = PBXFileReference; fileEncoding = 4; lastKnownFileType = sourcecode.swift; path = BorderButton.swift; sourceTree = "<group>"; };
		D2EB00111F692A19006F5513 /* SharePhotoController.swift */ = {isa = PBXFileReference; fileEncoding = 4; lastKnownFileType = sourcecode.swift; path = SharePhotoController.swift; sourceTree = "<group>"; };
		D2F033071F664D1A002D2CC8 /* LoginVC.swift */ = {isa = PBXFileReference; fileEncoding = 4; lastKnownFileType = sourcecode.swift; path = LoginVC.swift; sourceTree = "<group>"; };
		D2F033091F66DCEE002D2CC8 /* PhotoSelectorController.swift */ = {isa = PBXFileReference; fileEncoding = 4; lastKnownFileType = sourcecode.swift; path = PhotoSelectorController.swift; sourceTree = "<group>"; };
		D2F0330B1F66F921002D2CC8 /* PhotoSelectorCell.swift */ = {isa = PBXFileReference; fileEncoding = 4; lastKnownFileType = sourcecode.swift; path = PhotoSelectorCell.swift; sourceTree = "<group>"; };
		DA3EA04F0F488291EB74A93E /* Pods-InstaFirebase.release.xcconfig */ = {isa = PBXFileReference; includeInIndex = 1; lastKnownFileType = text.xcconfig; name = "Pods-InstaFirebase.release.xcconfig"; path = "Pods/Target Support Files/Pods-InstaFirebase/Pods-InstaFirebase.release.xcconfig"; sourceTree = "<group>"; };
		F4037EA7DCA9C3410C4DDDA3 /* Pods-InstaFirebase.debug.xcconfig */ = {isa = PBXFileReference; includeInIndex = 1; lastKnownFileType = text.xcconfig; name = "Pods-InstaFirebase.debug.xcconfig"; path = "Pods/Target Support Files/Pods-InstaFirebase/Pods-InstaFirebase.debug.xcconfig"; sourceTree = "<group>"; };
/* End PBXFileReference section */

/* Begin PBXFrameworksBuildPhase section */
		D28B28D91F62B5B500AC906B /* Frameworks */ = {
			isa = PBXFrameworksBuildPhase;
			buildActionMask = 2147483647;
			files = (
				C74CCB717F92198C7FA3F7BD /* Pods_InstaFirebase.framework in Frameworks */,
			);
			runOnlyForDeploymentPostprocessing = 0;
		};
/* End PBXFrameworksBuildPhase section */

/* Begin PBXGroup section */
		537A5046DD0A76ADE3396BC5 /* Frameworks */ = {
			isa = PBXGroup;
			children = (
				4D2045D77E4BAA7785182A30 /* Pods_InstaFirebase.framework */,
			);
			name = Frameworks;
			sourceTree = "<group>";
		};
		D28746B91F62C32A002109F6 /* View */ = {
			isa = PBXGroup;
			children = (
				D28746BA1F62C33C002109F6 /* RoundButton.swift */,
				D2E0DD641F6556A800546F70 /* PhotoSelectorHeader.swift */,
				D2E0DD661F65575500546F70 /* CircleImage.swift */,
				D2E0DD681F65591800546F70 /* UserProfileHeader.swift */,
				D2E0DD6A1F65887800546F70 /* BorderButton.swift */,
				D2F0330B1F66F921002D2CC8 /* PhotoSelectorCell.swift */,
				D28C3D571F6A8CC200C07B3B /* UserProfilePhotoCell.swift */,
			);
			name = View;
			sourceTree = "<group>";
		};
		D28746BC1F62C379002109F6 /* util */ = {
			isa = PBXGroup;
			children = (
				D28746BD1F62C390002109F6 /* Constants.swift */,
			);
			name = util;
			sourceTree = "<group>";
		};
		D28B28D31F62B5B400AC906B = {
			isa = PBXGroup;
			children = (
				D28B28DE1F62B5B500AC906B /* InstaFirebase */,
				D28B28DD1F62B5B500AC906B /* Products */,
				EF64658D481DA0FCC2C0C780 /* Pods */,
				537A5046DD0A76ADE3396BC5 /* Frameworks */,
			);
			sourceTree = "<group>";
		};
		D28B28DD1F62B5B500AC906B /* Products */ = {
			isa = PBXGroup;
			children = (
				D28B28DC1F62B5B500AC906B /* InstaFirebase.app */,
			);
			name = Products;
			sourceTree = "<group>";
		};
		D28B28DE1F62B5B500AC906B /* InstaFirebase */ = {
			isa = PBXGroup;
			children = (
				D28C3D541F6A8A1A00C07B3B /* Modal */,
				D28746BC1F62C379002109F6 /* util */,
				D28746B91F62C32A002109F6 /* View */,
				D2B812481F62C9F800AFF7FA /* Controller */,
				D28B28DF1F62B5B500AC906B /* AppDelegate.swift */,
				D28B28E31F62B5B500AC906B /* Main.storyboard */,
				D28B28E61F62B5B500AC906B /* Assets.xcassets */,
				D28B28E81F62B5B500AC906B /* LaunchScreen.storyboard */,
				D28B28EB1F62B5B500AC906B /* Info.plist */,
				D2AFF1041F62B90300B0DCBA /* GoogleService-Info.plist */,
			);
			path = InstaFirebase;
			sourceTree = "<group>";
		};
		D28C3D541F6A8A1A00C07B3B /* Modal */ = {
			isa = PBXGroup;
			children = (
				D28C3D551F6A8A2D00C07B3B /* Posts.swift */,
			);
			name = Modal;
			sourceTree = "<group>";
		};
		D2B812481F62C9F800AFF7FA /* Controller */ = {
			isa = PBXGroup;
			children = (
				D28B28E11F62B5B500AC906B /* SignUpController.swift */,
				D219487E1F6418C700083E4E /* MainTabBarController.swift */,
				D21948801F641B3A00083E4E /* UserProfileController.swift */,
				D2F033071F664D1A002D2CC8 /* LoginVC.swift */,
				D2F033091F66DCEE002D2CC8 /* PhotoSelectorController.swift */,
				D2EB00111F692A19006F5513 /* SharePhotoController.swift */,
			);
			name = Controller;
			sourceTree = "<group>";
		};
		EF64658D481DA0FCC2C0C780 /* Pods */ = {
			isa = PBXGroup;
			children = (
				F4037EA7DCA9C3410C4DDDA3 /* Pods-InstaFirebase.debug.xcconfig */,
				DA3EA04F0F488291EB74A93E /* Pods-InstaFirebase.release.xcconfig */,
			);
			name = Pods;
			sourceTree = "<group>";
		};
/* End PBXGroup section */

/* Begin PBXNativeTarget section */
		D28B28DB1F62B5B500AC906B /* InstaFirebase */ = {
			isa = PBXNativeTarget;
			buildConfigurationList = D28B28EE1F62B5B500AC906B /* Build configuration list for PBXNativeTarget "InstaFirebase" */;
			buildPhases = (
				DEC6F79F5AA51646E0FA3FED /* [CP] Check Pods Manifest.lock */,
				D28B28D81F62B5B500AC906B /* Sources */,
				D28B28D91F62B5B500AC906B /* Frameworks */,
				D28B28DA1F62B5B500AC906B /* Resources */,
				17E81F4A51ABA7114DBA44A6 /* [CP] Embed Pods Frameworks */,
				7C34F27892F1627EF7E69D9D /* [CP] Copy Pods Resources */,
			);
			buildRules = (
			);
			dependencies = (
			);
			name = InstaFirebase;
			productName = InstaFirebase;
			productReference = D28B28DC1F62B5B500AC906B /* InstaFirebase.app */;
			productType = "com.apple.product-type.application";
		};
/* End PBXNativeTarget section */

/* Begin PBXProject section */
		D28B28D41F62B5B400AC906B /* Project object */ = {
			isa = PBXProject;
			attributes = {
				LastSwiftUpdateCheck = 0830;
				LastUpgradeCheck = 0830;
				ORGANIZATIONNAME = "Sagar Pahlajani";
				TargetAttributes = {
					D28B28DB1F62B5B500AC906B = {
						CreatedOnToolsVersion = 8.3.3;
						DevelopmentTeam = M2HSE9ANL8;
						ProvisioningStyle = Automatic;
					};
				};
			};
			buildConfigurationList = D28B28D71F62B5B400AC906B /* Build configuration list for PBXProject "InstaFirebase" */;
			compatibilityVersion = "Xcode 3.2";
			developmentRegion = English;
			hasScannedForEncodings = 0;
			knownRegions = (
				en,
				Base,
			);
			mainGroup = D28B28D31F62B5B400AC906B;
			productRefGroup = D28B28DD1F62B5B500AC906B /* Products */;
			projectDirPath = "";
			projectRoot = "";
			targets = (
				D28B28DB1F62B5B500AC906B /* InstaFirebase */,
			);
		};
/* End PBXProject section */

/* Begin PBXResourcesBuildPhase section */
		D28B28DA1F62B5B500AC906B /* Resources */ = {
			isa = PBXResourcesBuildPhase;
			buildActionMask = 2147483647;
			files = (
				D2AFF1051F62B90300B0DCBA /* GoogleService-Info.plist in Resources */,
				D28B28EA1F62B5B500AC906B /* LaunchScreen.storyboard in Resources */,
				D28B28E71F62B5B500AC906B /* Assets.xcassets in Resources */,
				D28B28E51F62B5B500AC906B /* Main.storyboard in Resources */,
			);
			runOnlyForDeploymentPostprocessing = 0;
		};
/* End PBXResourcesBuildPhase section */

/* Begin PBXShellScriptBuildPhase section */
		17E81F4A51ABA7114DBA44A6 /* [CP] Embed Pods Frameworks */ = {
			isa = PBXShellScriptBuildPhase;
			buildActionMask = 2147483647;
			files = (
			);
			inputPaths = (
			);
			name = "[CP] Embed Pods Frameworks";
			outputPaths = (
			);
			runOnlyForDeploymentPostprocessing = 0;
			shellPath = /bin/sh;
			shellScript = "\"${SRCROOT}/Pods/Target Support Files/Pods-InstaFirebase/Pods-InstaFirebase-frameworks.sh\"\n";
			showEnvVarsInLog = 0;
		};
		7C34F27892F1627EF7E69D9D /* [CP] Copy Pods Resources */ = {
			isa = PBXShellScriptBuildPhase;
			buildActionMask = 2147483647;
			files = (
			);
			inputPaths = (
			);
			name = "[CP] Copy Pods Resources";
			outputPaths = (
			);
			runOnlyForDeploymentPostprocessing = 0;
			shellPath = /bin/sh;
			shellScript = "\"${SRCROOT}/Pods/Target Support Files/Pods-InstaFirebase/Pods-InstaFirebase-resources.sh\"\n";
			showEnvVarsInLog = 0;
		};
		DEC6F79F5AA51646E0FA3FED /* [CP] Check Pods Manifest.lock */ = {
			isa = PBXShellScriptBuildPhase;
			buildActionMask = 2147483647;
			files = (
			);
			inputPaths = (
			);
			name = "[CP] Check Pods Manifest.lock";
			outputPaths = (
			);
			runOnlyForDeploymentPostprocessing = 0;
			shellPath = /bin/sh;
			shellScript = "diff \"${PODS_PODFILE_DIR_PATH}/Podfile.lock\" \"${PODS_ROOT}/Manifest.lock\" > /dev/null\nif [ $? != 0 ] ; then\n    # print error to STDERR\n    echo \"error: The sandbox is not in sync with the Podfile.lock. Run 'pod install' or update your CocoaPods installation.\" >&2\n    exit 1\nfi\n";
			showEnvVarsInLog = 0;
		};
/* End PBXShellScriptBuildPhase section */

/* Begin PBXSourcesBuildPhase section */
		D28B28D81F62B5B500AC906B /* Sources */ = {
			isa = PBXSourcesBuildPhase;
			buildActionMask = 2147483647;
			files = (
				D2F033081F664D1A002D2CC8 /* LoginVC.swift in Sources */,
				D28746BB1F62C33C002109F6 /* RoundButton.swift in Sources */,
				D2E0DD671F65575500546F70 /* CircleImage.swift in Sources */,
				D2F0330A1F66DCEE002D2CC8 /* PhotoSelectorController.swift in Sources */,
				D2EB00121F692A19006F5513 /* SharePhotoController.swift in Sources */,
				D28B28E21F62B5B500AC906B /* SignUpController.swift in Sources */,
				D2E0DD6B1F65887800546F70 /* BorderButton.swift in Sources */,
				D28C3D561F6A8A2D00C07B3B /* Posts.swift in Sources */,
				D2E0DD691F65591800546F70 /* UserProfileHeader.swift in Sources */,
				D21948811F641B3A00083E4E /* UserProfileController.swift in Sources */,
				D219487F1F6418C700083E4E /* MainTabBarController.swift in Sources */,
				D2F0330C1F66F921002D2CC8 /* PhotoSelectorCell.swift in Sources */,
				D28B28E01F62B5B500AC906B /* AppDelegate.swift in Sources */,
				D28746BE1F62C390002109F6 /* Constants.swift in Sources */,
				D2E0DD651F6556A800546F70 /* PhotoSelectorHeader.swift in Sources */,
				D28C3D581F6A8CC200C07B3B /* UserProfilePhotoCell.swift in Sources */,
			);
			runOnlyForDeploymentPostprocessing = 0;
		};
/* End PBXSourcesBuildPhase section */

/* Begin PBXVariantGroup section */
		D28B28E31F62B5B500AC906B /* Main.storyboard */ = {
			isa = PBXVariantGroup;
			children = (
				D28B28E41F62B5B500AC906B /* Base */,
			);
			name = Main.storyboard;
			sourceTree = "<group>";
		};
		D28B28E81F62B5B500AC906B /* LaunchScreen.storyboard */ = {
			isa = PBXVariantGroup;
			children = (
				D28B28E91F62B5B500AC906B /* Base */,
			);
			name = LaunchScreen.storyboard;
			sourceTree = "<group>";
		};
/* End PBXVariantGroup section */

/* Begin XCBuildConfiguration section */
		D28B28EC1F62B5B500AC906B /* Debug */ = {
			isa = XCBuildConfiguration;
			buildSettings = {
				ALWAYS_SEARCH_USER_PATHS = NO;
				CLANG_ANALYZER_NONNULL = YES;
				CLANG_ANALYZER_NUMBER_OBJECT_CONVERSION = YES_AGGRESSIVE;
				CLANG_CXX_LANGUAGE_STANDARD = "gnu++0x";
				CLANG_CXX_LIBRARY = "libc++";
				CLANG_ENABLE_MODULES = YES;
				CLANG_ENABLE_OBJC_ARC = YES;
				CLANG_WARN_BOOL_CONVERSION = YES;
				CLANG_WARN_CONSTANT_CONVERSION = YES;
				CLANG_WARN_DIRECT_OBJC_ISA_USAGE = YES_ERROR;
				CLANG_WARN_DOCUMENTATION_COMMENTS = YES;
				CLANG_WARN_EMPTY_BODY = YES;
				CLANG_WARN_ENUM_CONVERSION = YES;
				CLANG_WARN_INFINITE_RECURSION = YES;
				CLANG_WARN_INT_CONVERSION = YES;
				CLANG_WARN_OBJC_ROOT_CLASS = YES_ERROR;
				CLANG_WARN_SUSPICIOUS_MOVE = YES;
				CLANG_WARN_UNREACHABLE_CODE = YES;
				CLANG_WARN__DUPLICATE_METHOD_MATCH = YES;
				"CODE_SIGN_IDENTITY[sdk=iphoneos*]" = "iPhone Developer";
				COPY_PHASE_STRIP = NO;
				DEBUG_INFORMATION_FORMAT = dwarf;
				ENABLE_STRICT_OBJC_MSGSEND = YES;
				ENABLE_TESTABILITY = YES;
				GCC_C_LANGUAGE_STANDARD = gnu99;
				GCC_DYNAMIC_NO_PIC = NO;
				GCC_NO_COMMON_BLOCKS = YES;
				GCC_OPTIMIZATION_LEVEL = 0;
				GCC_PREPROCESSOR_DEFINITIONS = (
					"DEBUG=1",
					"$(inherited)",
				);
				GCC_WARN_64_TO_32_BIT_CONVERSION = YES;
				GCC_WARN_ABOUT_RETURN_TYPE = YES_ERROR;
				GCC_WARN_UNDECLARED_SELECTOR = YES;
				GCC_WARN_UNINITIALIZED_AUTOS = YES_AGGRESSIVE;
				GCC_WARN_UNUSED_FUNCTION = YES;
				GCC_WARN_UNUSED_VARIABLE = YES;
				IPHONEOS_DEPLOYMENT_TARGET = 10.3;
				MTL_ENABLE_DEBUG_INFO = YES;
				ONLY_ACTIVE_ARCH = YES;
				SDKROOT = iphoneos;
				SWIFT_ACTIVE_COMPILATION_CONDITIONS = DEBUG;
				SWIFT_OPTIMIZATION_LEVEL = "-Onone";
			};
			name = Debug;
		};
		D28B28ED1F62B5B500AC906B /* Release */ = {
			isa = XCBuildConfiguration;
			buildSettings = {
				ALWAYS_SEARCH_USER_PATHS = NO;
				CLANG_ANALYZER_NONNULL = YES;
				CLANG_ANALYZER_NUMBER_OBJECT_CONVERSION = YES_AGGRESSIVE;
				CLANG_CXX_LANGUAGE_STANDARD = "gnu++0x";
				CLANG_CXX_LIBRARY = "libc++";
				CLANG_ENABLE_MODULES = YES;
				CLANG_ENABLE_OBJC_ARC = YES;
				CLANG_WARN_BOOL_CONVERSION = YES;
				CLANG_WARN_CONSTANT_CONVERSION = YES;
				CLANG_WARN_DIRECT_OBJC_ISA_USAGE = YES_ERROR;
				CLANG_WARN_DOCUMENTATION_COMMENTS = YES;
				CLANG_WARN_EMPTY_BODY = YES;
				CLANG_WARN_ENUM_CONVERSION = YES;
				CLANG_WARN_INFINITE_RECURSION = YES;
				CLANG_WARN_INT_CONVERSION = YES;
				CLANG_WARN_OBJC_ROOT_CLASS = YES_ERROR;
				CLANG_WARN_SUSPICIOUS_MOVE = YES;
				CLANG_WARN_UNREACHABLE_CODE = YES;
				CLANG_WARN__DUPLICATE_METHOD_MATCH = YES;
				"CODE_SIGN_IDENTITY[sdk=iphoneos*]" = "iPhone Developer";
				COPY_PHASE_STRIP = NO;
				DEBUG_INFORMATION_FORMAT = "dwarf-with-dsym";
				ENABLE_NS_ASSERTIONS = NO;
				ENABLE_STRICT_OBJC_MSGSEND = YES;
				GCC_C_LANGUAGE_STANDARD = gnu99;
				GCC_NO_COMMON_BLOCKS = YES;
				GCC_WARN_64_TO_32_BIT_CONVERSION = YES;
				GCC_WARN_ABOUT_RETURN_TYPE = YES_ERROR;
				GCC_WARN_UNDECLARED_SELECTOR = YES;
				GCC_WARN_UNINITIALIZED_AUTOS = YES_AGGRESSIVE;
				GCC_WARN_UNUSED_FUNCTION = YES;
				GCC_WARN_UNUSED_VARIABLE = YES;
				IPHONEOS_DEPLOYMENT_TARGET = 10.3;
				MTL_ENABLE_DEBUG_INFO = NO;
				SDKROOT = iphoneos;
				SWIFT_OPTIMIZATION_LEVEL = "-Owholemodule";
				VALIDATE_PRODUCT = YES;
			};
			name = Release;
		};
		D28B28EF1F62B5B500AC906B /* Debug */ = {
			isa = XCBuildConfiguration;
			baseConfigurationReference = F4037EA7DCA9C3410C4DDDA3 /* Pods-InstaFirebase.debug.xcconfig */;
			buildSettings = {
				ASSETCATALOG_COMPILER_APPICON_NAME = AppIcon;
				DEVELOPMENT_TEAM = M2HSE9ANL8;
				INFOPLIST_FILE = InstaFirebase/Info.plist;
				LD_RUNPATH_SEARCH_PATHS = "$(inherited) @executable_path/Frameworks";
				PRODUCT_BUNDLE_IDENTIFIER = sagar.InstaFirebase;
				PRODUCT_NAME = "$(TARGET_NAME)";
				SWIFT_VERSION = 3.0;
			};
			name = Debug;
		};
		D28B28F01F62B5B500AC906B /* Release */ = {
			isa = XCBuildConfiguration;
			baseConfigurationReference = DA3EA04F0F488291EB74A93E /* Pods-InstaFirebase.release.xcconfig */;
			buildSettings = {
				ASSETCATALOG_COMPILER_APPICON_NAME = AppIcon;
				DEVELOPMENT_TEAM = M2HSE9ANL8;
				INFOPLIST_FILE = InstaFirebase/Info.plist;
				LD_RUNPATH_SEARCH_PATHS = "$(inherited) @executable_path/Frameworks";
				PRODUCT_BUNDLE_IDENTIFIER = sagar.InstaFirebase;
				PRODUCT_NAME = "$(TARGET_NAME)";
				SWIFT_VERSION = 3.0;
			};
			name = Release;
		};
/* End XCBuildConfiguration section */

/* Begin XCConfigurationList section */
		D28B28D71F62B5B400AC906B /* Build configuration list for PBXProject "InstaFirebase" */ = {
			isa = XCConfigurationList;
			buildConfigurations = (
				D28B28EC1F62B5B500AC906B /* Debug */,
				D28B28ED1F62B5B500AC906B /* Release */,
			);
			defaultConfigurationIsVisible = 0;
			defaultConfigurationName = Release;
		};
		D28B28EE1F62B5B500AC906B /* Build configuration list for PBXNativeTarget "InstaFirebase" */ = {
			isa = XCConfigurationList;
			buildConfigurations = (
				D28B28EF1F62B5B500AC906B /* Debug */,
				D28B28F01F62B5B500AC906B /* Release */,
			);
			defaultConfigurationIsVisible = 0;
			defaultConfigurationName = Release;
		};
/* End XCConfigurationList section */
	};
	rootObject = D28B28D41F62B5B400AC906B /* Project object */;
}
